
Microsoft Visual Studio Solution File, Format Version 12.00
# Visual Studio Version 17
VisualStudioVersion = 17.7.34202.233
MinimumVisualStudioVersion = 10.0.40219.1
Project("{FAE04EC0-301F-11D3-BF4B-00C04F79EFBC}") = "labaratoria", "labaratoria\labaratoria.csproj", "{3545E5EF-20E0-4274-B31E-8D19D745A2A0}"
EndProject
Global
	GlobalSection(SolutionConfigurationPlatforms) = preSolution
		Debug|Any CPU = Debug|Any CPU
		Release|Any CPU = Release|Any CPU
	EndGlobalSection
	GlobalSection(ProjectConfigurationPlatforms) = postSolution
		{3545E5EF-20E0-4274-B31E-8D19D745A2A0}.Debug|Any CPU.ActiveCfg = Debug|Any CPU
		{3545E5EF-20E0-4274-B31E-8D19D745A2A0}.Debug|Any CPU.Build.0 = Debug|Any CPU
		{3545E5EF-20E0-4274-B31E-8D19D745A2A0}.Release|Any CPU.ActiveCfg = Release|Any CPU
		{3545E5EF-20E0-4274-B31E-8D19D745A2A0}.Release|Any CPU.Build.0 = Release|Any CPU
	EndGlobalSection
	GlobalSection(SolutionProperties) = preSolution
		HideSolutionNode = FALSE
	EndGlobalSection
	GlobalSection(ExtensibilityGlobals) = postSolution
		SolutionGuid = {310DF9FE-F2A5-4FA6-843C-2D79553B5A7C}
	EndGlobalSection
EndGlobal
